
Microsoft Visual Studio Solution File, Format Version 12.00
# Visual Studio Version 17
VisualStudioVersion = 17.7.34009.444
MinimumVisualStudioVersion = 10.0.40219.1
Project("{FAE04EC0-301F-11D3-BF4B-00C04F79EFBC}") = "SpeechToText_Test", "SpeechToText_Test\SpeechToText_Test.csproj", "{5646592B-281D-4D9D-B747-65441E11755D}"
EndProject
Global
	GlobalSection(SolutionConfigurationPlatforms) = preSolution
		Debug|Any CPU = Debug|Any CPU
		Release|Any CPU = Release|Any CPU
	EndGlobalSection
	GlobalSection(ProjectConfigurationPlatforms) = postSolution
		{5646592B-281D-4D9D-B747-65441E11755D}.Debug|Any CPU.ActiveCfg = Debug|Any CPU
		{5646592B-281D-4D9D-B747-65441E11755D}.Debug|Any CPU.Build.0 = Debug|Any CPU
		{5646592B-281D-4D9D-B747-65441E11755D}.Release|Any CPU.ActiveCfg = Release|Any CPU
		{5646592B-281D-4D9D-B747-65441E11755D}.Release|Any CPU.Build.0 = Release|Any CPU
	EndGlobalSection
	GlobalSection(SolutionProperties) = preSolution
		HideSolutionNode = FALSE
	EndGlobalSection
	GlobalSection(ExtensibilityGlobals) = postSolution
		SolutionGuid = {9EB5BFF1-1DB4-448F-B617-510B79F851D3}
	EndGlobalSection
EndGlobal
